# This file is generated by running "yarn install" inside your project.
# Manual changes might be lost - proceed with caution!

__metadata:
  version: 4
  cacheKey: 7

"@prisma/client@npm:2.16.0":
  version: 2.16.0
  resolution: "@prisma/client@npm:2.16.0"
  dependencies:
    "@prisma/engines-version": 2.16.0-44.854c8ba7f0dce66f115af36af24e66989a8c02a1
  peerDependencies:
    prisma: ">=2.15.0"
  peerDependenciesMeta:
    prisma:
      optional: true
  checksum: 895e15e1cab5fbcb821917da31c103a055c0ff79172b1cdce4385ced2a66d3ce60d7923650917af35859df119292ab4ea211e45eaed70ce215313fdcfc6f91d2
  languageName: node
  linkType: hard

"@prisma/engines-version@npm:2.16.0-44.854c8ba7f0dce66f115af36af24e66989a8c02a1":
  version: 2.16.0-44.854c8ba7f0dce66f115af36af24e66989a8c02a1
  resolution: "@prisma/engines-version@npm:2.16.0-44.854c8ba7f0dce66f115af36af24e66989a8c02a1"
  checksum: 10328ec985861700f70dc9f3718585a2cb6f5da9e6925e10f76ecc3b9a755c530bc62963fa9edcf0dcfbb68789d9fed9f9c9b6716ad629b609ab92f01bb8076b
  languageName: node
  linkType: hard

"@prisma/engines@npm:2.16.0-44.854c8ba7f0dce66f115af36af24e66989a8c02a1":
  version: 2.16.0-44.854c8ba7f0dce66f115af36af24e66989a8c02a1
  resolution: "@prisma/engines@npm:2.16.0-44.854c8ba7f0dce66f115af36af24e66989a8c02a1"
  checksum: c95c2cd22615f0db3c8de791cc0dd5871be97b2f2125c3f9eb369922f1f933e480ae9245705b61974190f3e98ddcd490cd63aa7e71cd3286bc5fdc77b6478433
  languageName: node
  linkType: hard

"@slack/bolt@npm:^3.0.0":
  version: 3.0.0
  resolution: "@slack/bolt@npm:3.0.0"
  dependencies:
    "@slack/logger": ^3.0.0
    "@slack/oauth": ^2.0.0
    "@slack/socket-mode": 1.0.0
    "@slack/types": ^2.0.0
    "@slack/web-api": ^6.0.0
    "@types/express": ^4.16.1
    "@types/node": ">=12"
    "@types/promise.allsettled": ^1.0.3
    "@types/tsscmp": ^1.0.0
    axios: ^0.21.1
    express: ^4.16.4
    please-upgrade-node: ^3.2.0
    promise.allsettled: ^1.0.2
    raw-body: ^2.3.3
    tsscmp: ^1.0.6
  checksum: b51fc3a7a10bd690ff431683883fd3bd050de634d8692d05098eeb1a8ec09ba546b72b753630efcb1435d7a8442d8e8dab42a9856d41710f49acfb1fca2f6637
  languageName: node
  linkType: hard

"@slack/logger@npm:>=1.0.0 <3.0.0, @slack/logger@npm:^2.0.0":
  version: 2.0.0
  resolution: "@slack/logger@npm:2.0.0"
  dependencies:
    "@types/node": ">=8.9.0"
  checksum: 65853a45f7ce3040c46ff9c8d0ae1c21b5500a144684ddeb3c937f501d8f2dc8bcb8446400fb4052e94ffd2a908d5e7de859650244046bd4151e9b69708bb11c
  languageName: node
  linkType: hard

"@slack/logger@npm:^3.0.0":
  version: 3.0.0
  resolution: "@slack/logger@npm:3.0.0"
  dependencies:
    "@types/node": ">=12.0.0"
  checksum: 423aa7058b6d65aa9c3a8dcc75fd2f803d4a93ab8369c6a59e50e1c12d4828e400af10eb043627de9989de9617ef499443f6e5277526c357b2de4bee62568e24
  languageName: node
  linkType: hard

"@slack/oauth@npm:^2.0.0":
  version: 2.0.0
  resolution: "@slack/oauth@npm:2.0.0"
  dependencies:
    "@slack/logger": ^2.0.0
    "@slack/web-api": ^5.7.0
    "@types/jsonwebtoken": ^8.3.7
    "@types/node": ">=12"
    jsonwebtoken: ^8.5.1
    lodash.isstring: ^4.0.1
  checksum: 7651d0b1f055abaae1529eff659517398bef8c6018d69eaebf7156cd6995a0c336547469cb036a0b5145fe2e8840f208a6fe98f25838f6dc6c8d9b4bbf2e2f28
  languageName: node
  linkType: hard

"@slack/socket-mode@npm:1.0.0":
  version: 1.0.0
  resolution: "@slack/socket-mode@npm:1.0.0"
  dependencies:
    "@slack/logger": ^2.0.0
    "@slack/web-api": ^5.14.0
    "@types/node": ">=12.0.0"
    "@types/p-queue": ^2.3.2
    "@types/ws": ^7.2.5
    eventemitter3: ^3.1.0
    finity: ^0.5.4
    p-cancelable: ^1.1.0
    p-queue: ^2.4.2
    ws: ^7.3.1
  checksum: cc9d7172c7ddefc365d01a68281e24175321f54b247f185b49a89b9e7bd5e6cdd03f397f6fcbdc48cfff3787a2b84206c05d72e3321e4d7af9589719b2726cd5
  languageName: node
  linkType: hard

"@slack/types@npm:^1.7.0":
  version: 1.10.0
  resolution: "@slack/types@npm:1.10.0"
  checksum: 03da0c89f37894404a6c54d1b669d151f0d57559d0e31b8c2eeb5ea56e63b3678ed6b053bf13bb6a6642de577228a4cc3938ac1d0e326b331d994c27c494f185
  languageName: node
  linkType: hard

"@slack/types@npm:^2.0.0":
  version: 2.0.0
  resolution: "@slack/types@npm:2.0.0"
  checksum: 7f3f76078f3ff879e3da2bfdb843cbff185eb37e7f5cf9392c01dfeecacc1e16ffe77f856ec14624c33ec58403b059821d97e9ff50231e7b25b98c569c497c98
  languageName: node
  linkType: hard

"@slack/web-api@npm:^5.14.0, @slack/web-api@npm:^5.7.0":
  version: 5.15.0
  resolution: "@slack/web-api@npm:5.15.0"
  dependencies:
    "@slack/logger": ">=1.0.0 <3.0.0"
    "@slack/types": ^1.7.0
    "@types/is-stream": ^1.1.0
    "@types/node": ">=8.9.0"
    axios: ^0.21.1
    eventemitter3: ^3.1.0
    form-data: ^2.5.0
    is-stream: ^1.1.0
    p-queue: ^6.6.1
    p-retry: ^4.0.0
  checksum: 25c51ef759558c8382286214221fc5c6468bfdc9be5341663fdc17406c4211da05c6513f8e9580db90303023830dc4c156f5e47542ec1f75b9a2223f5dddf59c
  languageName: node
  linkType: hard

"@slack/web-api@npm:^6.0.0":
  version: 6.0.0
  resolution: "@slack/web-api@npm:6.0.0"
  dependencies:
    "@slack/logger": ">=1.0.0 <3.0.0"
    "@slack/types": ^1.7.0
    "@types/is-stream": ^1.1.0
    "@types/node": ">=12.0.0"
    axios: ^0.21.1
    eventemitter3: ^3.1.0
    form-data: ^2.5.0
    is-stream: ^1.1.0
    p-queue: ^6.6.1
    p-retry: ^4.0.0
  checksum: 7a17d2de07d00941c134b7a2f37372693a47c48fb3c827d414e2d9bc34243256bc95e03e559b4101e411769195234504b48b0c0b07847c4868ce83d5aecb6929
  languageName: node
  linkType: hard

"@types/body-parser@npm:*":
  version: 1.19.0
  resolution: "@types/body-parser@npm:1.19.0"
  dependencies:
    "@types/connect": "*"
    "@types/node": "*"
  checksum: 4576f3fde5980c1219cadbc7c523bdb1cefc3713300e18bf47ff37bb9b8176342a1dc7519008311fd8fc11413cf188a83931b9b59051aa1c2f095c1e10459369
  languageName: node
  linkType: hard

"@types/connect@npm:*":
  version: 3.4.34
  resolution: "@types/connect@npm:3.4.34"
  dependencies:
    "@types/node": "*"
  checksum: 6f712a0408ed119a42037bcbc38c12e053d3ffe11337221a3966c9e29a21c8455e331fe2116c426361c0b2c0e44cb3fb1f83594326e42ba34ce4723d726b7d30
  languageName: node
  linkType: hard

"@types/express-serve-static-core@npm:^4.17.18":
  version: 4.17.18
  resolution: "@types/express-serve-static-core@npm:4.17.18"
  dependencies:
    "@types/node": "*"
    "@types/qs": "*"
    "@types/range-parser": "*"
  checksum: 329d5ded5c6b77c40bbed136ddf34f6fbae1ec3c43dadb5309fa60cedc3de9508a78fcba756c54e0d6362127d29b114afe4fcc75dc42a44909d48a7114315dc4
  languageName: node
  linkType: hard

"@types/express@npm:^4.16.1":
  version: 4.17.11
  resolution: "@types/express@npm:4.17.11"
  dependencies:
    "@types/body-parser": "*"
    "@types/express-serve-static-core": ^4.17.18
    "@types/qs": "*"
    "@types/serve-static": "*"
  checksum: 2818120a0fd8b7982215864929cdc6cd14942dd44849f93054fe2a90b4233dff67aadc34c73b5937922a02c688b0263d00a4807aa2e59307ac859a1458d73669
  languageName: node
  linkType: hard

"@types/is-stream@npm:^1.1.0":
  version: 1.1.0
  resolution: "@types/is-stream@npm:1.1.0"
  dependencies:
    "@types/node": "*"
  checksum: 38dff1c099c628dddbe8afe58fe4924288a5d225481171cc628c22772a2012f26224a482dcff9bca961c1f47e68cc7d9822ac167aa62b50ac51d2ee0b475ab01
  languageName: node
  linkType: hard

"@types/jsonwebtoken@npm:^8.3.7":
  version: 8.5.0
  resolution: "@types/jsonwebtoken@npm:8.5.0"
  dependencies:
    "@types/node": "*"
  checksum: d1a6b28f826898bc4f5596d91705aa864419c4a5ca49215507260644af8ceff9edb6db1901a108207cfb22558d035655b55309f38b75fa081da01be9f5408b21
  languageName: node
  linkType: hard

"@types/mime@npm:*":
  version: 2.0.3
  resolution: "@types/mime@npm:2.0.3"
  checksum: 6df548a912494f8579d548cd883be0425f30eaa2922283335c405e270600f49045a06d766460c0f0edabb41dff570c614d174d3c52215de3bddd11f190ec9ae9
  languageName: node
  linkType: hard

"@types/node@npm:*, @types/node@npm:>=12, @types/node@npm:>=12.0.0, @types/node@npm:>=8.9.0":
  version: 14.14.20
  resolution: "@types/node@npm:14.14.20"
  checksum: 84a9fd73de978967723f951173ff4d07dca259941d3e37c7a3dbb236c09b3f2294bb2098678a806afe6fd6cac39a7d0a1d399f602378c951bd5d01ede535d570
  languageName: node
  linkType: hard

"@types/p-queue@npm:^2.3.2":
  version: 2.3.2
  resolution: "@types/p-queue@npm:2.3.2"
  checksum: cf191979c56da45617ff123fd86d3e9a8a6c69ce39ef50948a89146658c1f759b5f4b300f2e9cd897832ec83eae5ce6d2b89e17db059f708af82a24c1a0200d0
  languageName: node
  linkType: hard

"@types/promise.allsettled@npm:^1.0.3":
  version: 1.0.3
  resolution: "@types/promise.allsettled@npm:1.0.3"
  checksum: df97f00baed578c34690b6130c6edfdb4d40109905ce29c2797929b02e4f62209ab30ab269a2f4fd98421f2b4b7d9456e347e24b884c7e1d1ad62a229d54f38c
  languageName: node
  linkType: hard

"@types/qs@npm:*":
  version: 6.9.5
  resolution: "@types/qs@npm:6.9.5"
  checksum: afe4721a802a4b5fa874a7d6d9fd33c9e812bb0ef90dabb050e8072be4ab2e5e817c0feacb9b4e0771d875de99f4d9738217976aeb8d36b81ccd82ded5e9fdc0
  languageName: node
  linkType: hard

"@types/range-parser@npm:*":
  version: 1.2.3
  resolution: "@types/range-parser@npm:1.2.3"
  checksum: 092fabae0ecbd728d3e4debc938cd043e97cb9f210cfec1c56ff6065c6e91666f376eb586591825d6757a058fd1a1dc4831d34e04ecfbb0800f35b8d86d38635
  languageName: node
  linkType: hard

"@types/retry@npm:^0.12.0":
  version: 0.12.0
  resolution: "@types/retry@npm:0.12.0"
  checksum: 0755164f2c8d615a0385609c478aaa20b17e55bc8b16d5d56ffe6a5d30b0a9845d49452a2e8903ec7c43fa361f19daf5e68c60e7381ad10a95dd3d0bb5c9f7fd
  languageName: node
  linkType: hard

"@types/serve-static@npm:*":
  version: 1.13.8
  resolution: "@types/serve-static@npm:1.13.8"
  dependencies:
    "@types/mime": "*"
    "@types/node": "*"
  checksum: 39db4c0f0f1c459588609496f92c2cb084b7feca8b9f96ac5032e371f8a0f4923c32dc9b7fd005b8bb6d10aad5d9118238da4869647672441571ff20bcbe4ea4
  languageName: node
  linkType: hard

"@types/tsscmp@npm:^1.0.0":
  version: 1.0.0
  resolution: "@types/tsscmp@npm:1.0.0"
  checksum: 9c4fdc7d747dac378bd47a6d705f789f57c46d565aa3c0168ccfeeedfc527565fdbe0c244cd62fe2bd32b408ac5be7630898bfa517166a57966d14604eb9b881
  languageName: node
  linkType: hard

"@types/ws@npm:^7.2.5":
  version: 7.4.0
  resolution: "@types/ws@npm:7.4.0"
  dependencies:
    "@types/node": "*"
  checksum: fbb8c68e5865539f1518e119f741c7bf134c61dd2f7d0a653b9d6666811b5487cc434e24044069e1508f2c2e1138b413cb970a79713cab333d64201362746a1c
  languageName: node
  linkType: hard

"accepts@npm:~1.3.7":
  version: 1.3.7
  resolution: "accepts@npm:1.3.7"
  dependencies:
    mime-types: ~2.1.24
    negotiator: 0.6.2
  checksum: 2686fa30dbc850db1bf458dc8171fba13c54ed6cb25f4298ec7c2f88b8dfc50351f25c40abe3a948e4ec7a0cc8ea83d1c55c2f73ffa612d18840a8778d4a2ee0
  languageName: node
  linkType: hard

"array-flatten@npm:1.1.1":
  version: 1.1.1
  resolution: "array-flatten@npm:1.1.1"
  checksum: de7a056451ff7891bb1bcda6ce2a50448ca70f63cd0fa7aa90430d288b6dc2931517b6853ce16c473a7f40fa6eaa874e20b6151616db93375471d1ffadfb1d3d
  languageName: node
  linkType: hard

"array.prototype.map@npm:^1.0.1":
  version: 1.0.3
  resolution: "array.prototype.map@npm:1.0.3"
  dependencies:
    call-bind: ^1.0.0
    define-properties: ^1.1.3
    es-abstract: ^1.18.0-next.1
    es-array-method-boxes-properly: ^1.0.0
    is-string: ^1.0.5
  checksum: 303c3eaf7f794149a91903565728f62734854cd7a16ab97ac39508fdf428408babee1b519c6436306a4910ff0c38bc9d21cda6cb82dcc5b5514924be807929b9
  languageName: node
  linkType: hard

"asynckit@npm:^0.4.0":
  version: 0.4.0
  resolution: "asynckit@npm:0.4.0"
  checksum: a024000b9ddd938e2f27b3cb8188f96a5e1fff58185e98b84862fc4e01de279a547874a800340c2b106bb9de9b0fc61c6c683bc6892abf65e6be29a96addafd3
  languageName: node
  linkType: hard

"axios@npm:^0.21.1":
  version: 0.21.1
  resolution: "axios@npm:0.21.1"
  dependencies:
    follow-redirects: ^1.10.0
  checksum: 864fb7b5d077d236737f10adca53bf451a93f35a15271f56fba8da07265a02d26b7d881b935a6697dc6adb0549ea3e56d2eecb403edaa3bb78f6479901c10f69
  languageName: node
  linkType: hard

"body-parser@npm:1.19.0":
  version: 1.19.0
  resolution: "body-parser@npm:1.19.0"
  dependencies:
    bytes: 3.1.0
    content-type: ~1.0.4
    debug: 2.6.9
    depd: ~1.1.2
    http-errors: 1.7.2
    iconv-lite: 0.4.24
    on-finished: ~2.3.0
    qs: 6.7.0
    raw-body: 2.4.0
    type-is: ~1.6.17
  checksum: 18c2a81df5eabc7e3541bc9ace394b88e6fbd390989b5e764ff34c3f9dbd097e19986c31baa9b855ec5c2cff2b79157449afb0cdfb97bb99c11d6239b2c47a34
  languageName: node
  linkType: hard

"buffer-equal-constant-time@npm:1.0.1":
  version: 1.0.1
  resolution: "buffer-equal-constant-time@npm:1.0.1"
  checksum: a38a6fead170594b97894658d0e62e3686ccaecea480051c0bf69ba29274eca87203452590c3b6a1b589a7da1baef89420da00a8f08c010675c1dbc25f58edf9
  languageName: node
  linkType: hard

"bytes@npm:3.1.0":
  version: 3.1.0
  resolution: "bytes@npm:3.1.0"
  checksum: c3f64645ef37922c8194fef88a052de2a28101882dfdf8a225493888c4941a26ea15164957e7492e5c5e3a8e98ee6276f4834efacb68e2d8ad4d91f903250b6c
  languageName: node
  linkType: hard

"call-bind@npm:^1.0.0":
  version: 1.0.2
  resolution: "call-bind@npm:1.0.2"
  dependencies:
    function-bind: ^1.1.1
    get-intrinsic: ^1.0.2
  checksum: 18cc6107a1f028247f2b505dae73ad1c63b737addfcd43ff75159f072c5c827300c1fb66f26ee0ec70fc2fdd005ce68d65c05a2a34b74bab08c3b1921954ada9
  languageName: node
  linkType: hard

"combined-stream@npm:^1.0.6":
  version: 1.0.8
  resolution: "combined-stream@npm:1.0.8"
  dependencies:
    delayed-stream: ~1.0.0
  checksum: 5791ce7944530f0db74a97e77ea28b6fdbf89afcf038e41d6b4195019c4c803cd19ed2905a54959e5b3830d50bd5d6f93c681c6d3aaea8614ad43b48e62e9d65
  languageName: node
  linkType: hard

"content-disposition@npm:0.5.3":
  version: 0.5.3
  resolution: "content-disposition@npm:0.5.3"
  dependencies:
    safe-buffer: 5.1.2
  checksum: 8f1f235c0423be68023df7f5a3948601d859ce44ee94e1d0fa2a97383bd469e789320b6ddf6f31b3620605c75cf771522df11386f51aff401e5d51b6ccfde3e2
  languageName: node
  linkType: hard

"content-type@npm:~1.0.4":
  version: 1.0.4
  resolution: "content-type@npm:1.0.4"
  checksum: ff6e19cbf281c23d5608723a6dc60ac97e2280bd4d21602511283112321e6c1555895e395555e367672b54a0f1585276284b7c3c8be313aca73902ac2f2609fd
  languageName: node
  linkType: hard

"cookie-signature@npm:1.0.6":
  version: 1.0.6
  resolution: "cookie-signature@npm:1.0.6"
  checksum: 305054e102eebd0a483c63aefdc3abf54a9471bed5eb12be56c0dcf35a94110b8a13139b27751ab07a5ef09e9f4190ee67f71e9d3acf1748e6e2f1aed338c987
  languageName: node
  linkType: hard

"cookie@npm:0.4.0":
  version: 0.4.0
  resolution: "cookie@npm:0.4.0"
  checksum: 7aaef4b642c533600fdd001d963a507dfcd814267503374e51d9743475d024feeff8b0b4ddd0777a25791a2efbdfd8bc4a0fe0696104efa195e8f8584807d410
  languageName: node
  linkType: hard

"debug@npm:2.6.9":
  version: 2.6.9
  resolution: "debug@npm:2.6.9"
  dependencies:
    ms: 2.0.0
  checksum: 559f44f98cf25e2ee489022aec173afbff746564cb108c4493becb95bc3c017a67bdaa25a0ff64801fd32c35051d00af0e56cc7f762ae2c3bc089496e5a1c31b
  languageName: node
  linkType: hard

"define-properties@npm:^1.1.3":
  version: 1.1.3
  resolution: "define-properties@npm:1.1.3"
  dependencies:
    object-keys: ^1.0.12
  checksum: b69c48c1b1dacb61f0b1cea367707c3bb214e3c47818aff18e6f20a7f88cbfa33d4cbdfd9ff79e56faba95ddca3d78ff10fbf2f02ecfad6f3e13b256e76b1212
  languageName: node
  linkType: hard

"delayed-stream@npm:~1.0.0":
  version: 1.0.0
  resolution: "delayed-stream@npm:1.0.0"
  checksum: d9dfb0a7c79fd308fada9db2cf29d1ff22047ceb50dd78f7e3c173567909b438f418259cb76a6d9c9f513e88ef41d3a14154f618741ec8368c3efeff616d0c9f
  languageName: node
  linkType: hard

"depd@npm:~1.1.2":
  version: 1.1.2
  resolution: "depd@npm:1.1.2"
  checksum: f45566ff7019a346852f095768a380778ed544de24e103b479fd5d3e61982d670efbb5234c09d0588d7fdb09c26c48283d7150e4be5e6ce5d3d37cd268d75c4d
  languageName: node
  linkType: hard

"destroy@npm:~1.0.4":
  version: 1.0.4
  resolution: "destroy@npm:1.0.4"
  checksum: 5a516fc5a8a8089eecdac11da2339353542be7a71102dc5a1372ef6161501bf5c1ee59ff9f8a3f5f14cc8c88594d606f855f816d46a228ee5e0e5cb2b543534b
  languageName: node
  linkType: hard

"dotenv@npm:^8.2.0":
  version: 8.2.0
  resolution: "dotenv@npm:8.2.0"
  checksum: 16cb89cbd7b98b053899b8aba8c5044c8fb61a2db8a81fe70360b75035fce5fed53bd7a34d772be717d0880c0321122a4c09423f518025e1b52d96791521b1a7
  languageName: node
  linkType: hard

"ecdsa-sig-formatter@npm:1.0.11":
  version: 1.0.11
  resolution: "ecdsa-sig-formatter@npm:1.0.11"
  dependencies:
    safe-buffer: ^5.0.1
  checksum: 9d07775ee274e0ca3978a562e9eba14ce77ecc804d977d0e94525c2aa4a70d909eda5703810955d22fd06fc6312e6aacf85e233eebdabc7b27a0a38fd62902a4
  languageName: node
  linkType: hard

"ee-first@npm:1.1.1":
  version: 1.1.1
  resolution: "ee-first@npm:1.1.1"
  checksum: ba74f91398e3ee3b6d665b2f0d13ad6530e89a7e64ec886a6eec0602fb8a5a274652960e21bd5d4b42fdeb9017d873ff872f50342d38779e955285977edb337c
  languageName: node
  linkType: hard

"encodeurl@npm:~1.0.2":
  version: 1.0.2
  resolution: "encodeurl@npm:1.0.2"
  checksum: 6ee5fcbcd245d2a2b6bd6fe36b80f91e31ab46e29192c50af00e8f860c0c2310ebbdaae40257878fdce90b42abcb3526895c7c3a2e229461ed1f0d0b5a020fc8
  languageName: node
  linkType: hard

"es-abstract@npm:^1.17.0-next.1":
  version: 1.17.7
  resolution: "es-abstract@npm:1.17.7"
  dependencies:
    es-to-primitive: ^1.2.1
    function-bind: ^1.1.1
    has: ^1.0.3
    has-symbols: ^1.0.1
    is-callable: ^1.2.2
    is-regex: ^1.1.1
    object-inspect: ^1.8.0
    object-keys: ^1.1.1
    object.assign: ^4.1.1
    string.prototype.trimend: ^1.0.1
    string.prototype.trimstart: ^1.0.1
  checksum: e8dfb81bbabcde46d2309436f107d3e795e4bcb83d78614e0c65ca7baac50522603e363be1b81ad5b1943c93fc02ed550198a7dd0580a671a6171960f2490a97
  languageName: node
  linkType: hard

"es-abstract@npm:^1.18.0-next.1":
  version: 1.18.0-next.1
  resolution: "es-abstract@npm:1.18.0-next.1"
  dependencies:
    es-to-primitive: ^1.2.1
    function-bind: ^1.1.1
    has: ^1.0.3
    has-symbols: ^1.0.1
    is-callable: ^1.2.2
    is-negative-zero: ^2.0.0
    is-regex: ^1.1.1
    object-inspect: ^1.8.0
    object-keys: ^1.1.1
    object.assign: ^4.1.1
    string.prototype.trimend: ^1.0.1
    string.prototype.trimstart: ^1.0.1
  checksum: f1e37567e49a54c09050aa3371cac601a789441f4fa9730f2c2d386aadad547d6c303bb41e7f5cb5286b616104d6c13450f33b712f664939a09729dd5e45c963
  languageName: node
  linkType: hard

"es-array-method-boxes-properly@npm:^1.0.0":
  version: 1.0.0
  resolution: "es-array-method-boxes-properly@npm:1.0.0"
  checksum: dedc41594d6993a2a07ffed5fd99e2f8e19d3364bdc9e8ab3217122122563adf6a50495ba10c53b71d00fec62f2369c4dec3cda108c297443205c6056a38574e
  languageName: node
  linkType: hard

"es-get-iterator@npm:^1.0.2":
  version: 1.1.1
  resolution: "es-get-iterator@npm:1.1.1"
  dependencies:
    call-bind: ^1.0.0
    get-intrinsic: ^1.0.1
    has-symbols: ^1.0.1
    is-arguments: ^1.0.4
    is-map: ^2.0.1
    is-set: ^2.0.1
    is-string: ^1.0.5
    isarray: ^2.0.5
  checksum: b02a6eeae04c1f0414f14463cda3871f9d65ed7ffb2938ffa76cee14296951062446187bbfbd183de369098d7bb2775130d8057f30b3c8399bdf6926888d538e
  languageName: node
  linkType: hard

"es-to-primitive@npm:^1.2.1":
  version: 1.2.1
  resolution: "es-to-primitive@npm:1.2.1"
  dependencies:
    is-callable: ^1.1.4
    is-date-object: ^1.0.1
    is-symbol: ^1.0.2
  checksum: d20b7be268b84662469972ec7265a57d4d6a65b9bf2b73f040d75e14f9f6dbe266a1a88579162e11349f9cb70eaa17640efb515c90dab19745a904b680b14be3
  languageName: node
  linkType: hard

"escape-html@npm:~1.0.3":
  version: 1.0.3
  resolution: "escape-html@npm:1.0.3"
  checksum: 900a7f2b80b9f89c85b7a303d1b7a4d354b93e328871414f165f13c5c209a80eab787e3a63429e596877def69fe4dcb3d1b55af655207a901a9ec99f7f148743
  languageName: node
  linkType: hard

"etag@npm:~1.8.1":
  version: 1.8.1
  resolution: "etag@npm:1.8.1"
  checksum: f18341a3c12a554ec46c0d4756bc9cae177e92f25a4ebd9ceefebf0ee448b675972fc110879f22b1bf514174713921ae5de9ff77af2062d422b1085588465a57
  languageName: node
  linkType: hard

"eventemitter3@npm:^3.1.0":
  version: 3.1.2
  resolution: "eventemitter3@npm:3.1.2"
  checksum: fa1a206c4e4e8e427542f7fdfa10bd073a4ddf2510fb22e2f9a33b9aa7a0d5669bffba9b889e22d8c1c976af51a92dab274845e58d626ddb2d3563ed4d5d50dc
  languageName: node
  linkType: hard

"eventemitter3@npm:^4.0.4":
  version: 4.0.7
  resolution: "eventemitter3@npm:4.0.7"
  checksum: 1fc12c7bc3b4194c50975827e72d56ff57c32b75a4c7dbf4d5eebf3c8371f6f1aad6799150b609de1b867c0d8a9885c08b6ca5e7e0dc437d6152f3063b2607dd
  languageName: node
  linkType: hard

"express@npm:^4.16.4":
  version: 4.17.1
  resolution: "express@npm:4.17.1"
  dependencies:
    accepts: ~1.3.7
    array-flatten: 1.1.1
    body-parser: 1.19.0
    content-disposition: 0.5.3
    content-type: ~1.0.4
    cookie: 0.4.0
    cookie-signature: 1.0.6
    debug: 2.6.9
    depd: ~1.1.2
    encodeurl: ~1.0.2
    escape-html: ~1.0.3
    etag: ~1.8.1
    finalhandler: ~1.1.2
    fresh: 0.5.2
    merge-descriptors: 1.0.1
    methods: ~1.1.2
    on-finished: ~2.3.0
    parseurl: ~1.3.3
    path-to-regexp: 0.1.7
    proxy-addr: ~2.0.5
    qs: 6.7.0
    range-parser: ~1.2.1
    safe-buffer: 5.1.2
    send: 0.17.1
    serve-static: 1.14.1
    setprototypeof: 1.1.1
    statuses: ~1.5.0
    type-is: ~1.6.18
    utils-merge: 1.0.1
    vary: ~1.1.2
  checksum: c4b470d623152c148e874b08d4afc35ea9498547c31a6ff6dae767ae11e3a59508a299732e9f45bfa2885685fbe2b75ca360862977798dfcec28ff2a4260eab2
  languageName: node
  linkType: hard

"finalhandler@npm:~1.1.2":
  version: 1.1.2
  resolution: "finalhandler@npm:1.1.2"
  dependencies:
    debug: 2.6.9
    encodeurl: ~1.0.2
    escape-html: ~1.0.3
    on-finished: ~2.3.0
    parseurl: ~1.3.3
    statuses: ~1.5.0
    unpipe: ~1.0.0
  checksum: f2e5b6bfe2201f13e74408530a7f354b7846ab3e648b3dde4f8ed3b773c8a743c16b0f378cb5113df7fef84c5be364bb1a3655f0a75571f163c982289fbd9671
  languageName: node
  linkType: hard

"finity@npm:^0.5.4":
  version: 0.5.4
  resolution: "finity@npm:0.5.4"
  checksum: ea9df33f0c9b42a0f623a91f9d5344d0f1621527b010ebca23c6868ded953009235fbb25bfe236a222dda9cf1654ccd32182506d186de41a16df204c4952f3fd
  languageName: node
  linkType: hard

"follow-redirects@npm:^1.10.0":
  version: 1.13.1
  resolution: "follow-redirects@npm:1.13.1"
  peerDependenciesMeta:
    debug:
      optional: true
  checksum: c7c6c905876b939af04a1b27afa70e9c0ab5015d96f5ee49dd80db6952dc8c960b96a229647504468615d8a1a400da9bec9449e2aea9f9c6da6fdca0ba17d4c2
  languageName: node
  linkType: hard

"form-data@npm:^2.5.0":
  version: 2.5.1
  resolution: "form-data@npm:2.5.1"
  dependencies:
    asynckit: ^0.4.0
    combined-stream: ^1.0.6
    mime-types: ^2.1.12
  checksum: c46ee9a14a8678b6e0dfafabc96e25237d9f11ced9c51cd371a2b3448f6a3f2fa684b3bbbb35911bae8f5448b3f3c48c73f7f2be791a4ae5aee0eb0ab3cdfec2
  languageName: node
  linkType: hard

"forwarded@npm:~0.1.2":
  version: 0.1.2
  resolution: "forwarded@npm:0.1.2"
  checksum: 568d862ad1c514813fc62dc1bd58b8669b16d4ee2e634a6fc71f4849df798883ab94e63d8e1b35a17af51b2b39ca869e672c7310efe42fc7b9bad43a80b5ff87
  languageName: node
  linkType: hard

"fresh@npm:0.5.2":
  version: 0.5.2
  resolution: "fresh@npm:0.5.2"
  checksum: 2f76c8505d1ea5a6d5accea3e7aff0b796bfa43364c84929254f33909fa08640948bd1728220d1ff5f4c2b378a65e97da647f2fe0f2b7ddb44001f6e0dc2e91f
  languageName: node
  linkType: hard

"function-bind@npm:^1.1.1":
  version: 1.1.1
  resolution: "function-bind@npm:1.1.1"
  checksum: ffad86e7d2010ba179aaa6a3987d2cc0ed48fa92d27f1ed84bfa06d14f77deeed5bfbae7f00bdebc0c54218392cab2b18ecc080e2c72f592431927b87a27d42b
  languageName: node
  linkType: hard

"get-intrinsic@npm:^1.0.1, get-intrinsic@npm:^1.0.2":
  version: 1.0.2
  resolution: "get-intrinsic@npm:1.0.2"
  dependencies:
    function-bind: ^1.1.1
    has: ^1.0.3
    has-symbols: ^1.0.1
  checksum: 1916051d494f7265bf1072bf0243052d79be1d38fa2fa4561695ee7162a2c29f208fbc4ad3c82c340eb1ca5c788ec11791a5e345ff7d35f789438b237c941271
  languageName: node
  linkType: hard

"has-symbols@npm:^1.0.1":
  version: 1.0.1
  resolution: "has-symbols@npm:1.0.1"
  checksum: 84e2a03ada6f530f0c1ebea64df5932556ac20a4b78998f1f2b5dd0cf736843e8082c488b0ea7f08b9aec72fb6d8b736beed2fd62fac60dcaebfdc0b8d2aa7ac
  languageName: node
  linkType: hard

"has@npm:^1.0.3":
  version: 1.0.3
  resolution: "has@npm:1.0.3"
  dependencies:
    function-bind: ^1.1.1
  checksum: c686e15300d41364486c099a9259d9c418022c294244843dcd712c4c286ff839d4f23a25413baa28c4d2c1e828afc2aaab70f685400b391533980223c71fa1ca
  languageName: node
  linkType: hard

"http-errors@npm:1.7.2":
  version: 1.7.2
  resolution: "http-errors@npm:1.7.2"
  dependencies:
    depd: ~1.1.2
    inherits: 2.0.3
    setprototypeof: 1.1.1
    statuses: ">= 1.5.0 < 2"
    toidentifier: 1.0.0
  checksum: 8ce4a4af05a3652c81768a2754ced24b86ff62e7bee147a27b6ef8cde24e7a48f9fbfcb87ec6f67781879b95f1b35d3f8d6378e8555eb7d469ce875f4e184418
  languageName: node
  linkType: hard

"http-errors@npm:1.7.3, http-errors@npm:~1.7.2":
  version: 1.7.3
  resolution: "http-errors@npm:1.7.3"
  dependencies:
    depd: ~1.1.2
    inherits: 2.0.4
    setprototypeof: 1.1.1
    statuses: ">= 1.5.0 < 2"
    toidentifier: 1.0.0
  checksum: 563ae4a3f19c89029212922bade6ffcd0e4b7fa52e539f08c8f6941de7eaccb00bf76cb7692662192f2f0d567d4ac1f9d6a3d0ee70b166c8540cf791497f90ea
  languageName: node
  linkType: hard

"iconv-lite@npm:0.4.24":
  version: 0.4.24
  resolution: "iconv-lite@npm:0.4.24"
  dependencies:
    safer-buffer: ">= 2.1.2 < 3"
  checksum: a9b9521066ee81853a8561e92bd7240bc5d3b7d5ef7da807a475e7858b0246e318b6af518c30a20a8749ef5eafeaa9631079446e4e696c7b60f468b34dc2cbfc
  languageName: node
  linkType: hard

"info-bot@workspace:.":
  version: 0.0.0-use.local
  resolution: "info-bot@workspace:."
  dependencies:
    "@prisma/client": 2.16.0
    "@slack/bolt": ^3.0.0
    dotenv: ^8.2.0
    prisma: 2.16.0
  languageName: unknown
  linkType: soft

"inherits@npm:2.0.3":
  version: 2.0.3
  resolution: "inherits@npm:2.0.3"
  checksum: 9488f9433effbc24474f6baee8014e5337c7f99305ecb4204fa5864ae7655c24225780d87fc65ed8d3d374715a18c5dc8c69fe3bf9745cde2e7acd0ac068a07b
  languageName: node
  linkType: hard

"inherits@npm:2.0.4":
  version: 2.0.4
  resolution: "inherits@npm:2.0.4"
  checksum: 98426da247ddfc3dcd7d7daedd90c3ca32d5b08deca08949726f12d49232aef94772a07b36cf4ff833e105ae2ef931777f6de4a6dd8245a216b9299ad4a50bea
  languageName: node
  linkType: hard

"ipaddr.js@npm:1.9.1":
  version: 1.9.1
  resolution: "ipaddr.js@npm:1.9.1"
  checksum: de15bc7e63973d960abc43c9fbbf19589c726774f59d157d1b29382a1e86ae87c68cbd8b5c78a1712a87fc4fcd91e10762c7671950c66a1a19040ff4fd2f9c9b
  languageName: node
  linkType: hard

"is-arguments@npm:^1.0.4":
  version: 1.1.0
  resolution: "is-arguments@npm:1.1.0"
  dependencies:
    call-bind: ^1.0.0
  checksum: 967bf47b472eba6c07685a0a2c59724c5a2f3ecc9183ebbf3d33989906e2353d0d669ca7e06b0482f31cc8e6f1785b4a2775cb9506acb48cadd0e1d5c5cf12ad
  languageName: node
  linkType: hard

"is-callable@npm:^1.1.4, is-callable@npm:^1.2.2":
  version: 1.2.2
  resolution: "is-callable@npm:1.2.2"
  checksum: c35d37cc46c997d6417d7254733c8a3b1146f18121197c5600f601c56fb27abd1b372b0b9c41ea9a69d30556a2a0fd85e396da8eb8bc4af2e5ad8c5232fcd433
  languageName: node
  linkType: hard

"is-date-object@npm:^1.0.1":
  version: 1.0.2
  resolution: "is-date-object@npm:1.0.2"
  checksum: 0e322699464a99da638c8a583b74dfb791732b6bc9c102bc0b7ac6303d83c86b9935f19b8d2ed4de52092241190c8826b099cb31972dea49a99b755293c0b1cf
  languageName: node
  linkType: hard

"is-map@npm:^2.0.1":
  version: 2.0.2
  resolution: "is-map@npm:2.0.2"
  checksum: 2d9b1a0b0dc19ba4486278297586200ec9f166b068bddf1e05f0c0ab9eac197fb6efac32efc2a970d1036b96fa08806337a9dd6808365a5cef6a392a88a2ca2a
  languageName: node
  linkType: hard

"is-negative-zero@npm:^2.0.0":
  version: 2.0.1
  resolution: "is-negative-zero@npm:2.0.1"
  checksum: e2160af9a6fad7027bbd513e1efe9a99c780bb6af688e61e6b71084b5893f976241ca081e1ed8c18222d391ea3c1c0771cd23ab322be107150b66faf03d6ecbd
  languageName: node
  linkType: hard

"is-regex@npm:^1.1.1":
  version: 1.1.1
  resolution: "is-regex@npm:1.1.1"
  dependencies:
    has-symbols: ^1.0.1
  checksum: 0c5b9d335c125cc59a83b9446b172d419303034f3cb570e95bfb7b45fc1dfb8bedd7ecf5e8139a99b8fed66894ee516fd7ce376feb109504f64c53092c7f07ee
  languageName: node
  linkType: hard

"is-set@npm:^2.0.1":
  version: 2.0.2
  resolution: "is-set@npm:2.0.2"
  checksum: 5fb8f3c67d7a836f992d893e8de578a16f36507941e68197a7aced7cfb33231e99bfd5dc008803c02b6f5aabe226d3e7df94172895f119e6a02b946e254adc87
  languageName: node
  linkType: hard

"is-stream@npm:^1.1.0":
  version: 1.1.0
  resolution: "is-stream@npm:1.1.0"
  checksum: 39843ee9ff68ebda05237199f18831eb6e0e28db7799ee9ddaac5573b0681f18b4dc427afdb7b7ad906db545e4648999c42a1810b277acc8451593ff59da00fa
  languageName: node
  linkType: hard

"is-string@npm:^1.0.5":
  version: 1.0.5
  resolution: "is-string@npm:1.0.5"
  checksum: c64c791eb75935db9055291bc598edc22f03d3879b8a050b2955ba8087642d006338a1dedf7ac414c95f985c77c2d6fce655498d33c0df248fa92228a9945720
  languageName: node
  linkType: hard

"is-symbol@npm:^1.0.2":
  version: 1.0.3
  resolution: "is-symbol@npm:1.0.3"
  dependencies:
    has-symbols: ^1.0.1
  checksum: 753aa0cf95069387521b110c6646df4e0b5cce76cf604521c26b4f5d30a997a95036ed5930c0cca9e850ac6fccb04de551cc95aab71df471ee88e04ed1a96f21
  languageName: node
  linkType: hard

"isarray@npm:^2.0.5":
  version: 2.0.5
  resolution: "isarray@npm:2.0.5"
  checksum: cfb3e907b3c7957fb18e479bbe9102df4e84c5386839b4a33076f38ee31a8934e77d43ff517967fd39192a7c06b894770454886a5ffc8a3ddc36f6b746d70726
  languageName: node
  linkType: hard

"iterate-iterator@npm:^1.0.1":
  version: 1.0.1
  resolution: "iterate-iterator@npm:1.0.1"
  checksum: d2e6b0704bd4c194589059f6b5b1f7947a997af70a6cb54765f908ec6fe76f39a49d588aaaff9e725209c0dc8a700a883f2f265efb646bab2535c51975466bd3
  languageName: node
  linkType: hard

"iterate-value@npm:^1.0.0":
  version: 1.0.2
  resolution: "iterate-value@npm:1.0.2"
  dependencies:
    es-get-iterator: ^1.0.2
    iterate-iterator: ^1.0.1
  checksum: 7c0bef59ead553a2d1b7957954a514e180e3155765606c5e8cfb09518860c7b81aa0675c987352f506dd779b2366cd2b5e4cd249f7cf0a965b86c916e669608e
  languageName: node
  linkType: hard

"jsonwebtoken@npm:^8.5.1":
  version: 8.5.1
  resolution: "jsonwebtoken@npm:8.5.1"
  dependencies:
    jws: ^3.2.2
    lodash.includes: ^4.3.0
    lodash.isboolean: ^3.0.3
    lodash.isinteger: ^4.0.4
    lodash.isnumber: ^3.0.3
    lodash.isplainobject: ^4.0.6
    lodash.isstring: ^4.0.1
    lodash.once: ^4.0.0
    ms: ^2.1.1
    semver: ^5.6.0
  checksum: ea44bbb7a7abab87eee57711a04093a2a04a5757faa3253f521327b840e07eff751986ed6c20985886c5aaa86245a833aa1eeda6eacb0c3fa9ea4e7074cdb0c3
  languageName: node
  linkType: hard

"jwa@npm:^1.4.1":
  version: 1.4.1
  resolution: "jwa@npm:1.4.1"
  dependencies:
    buffer-equal-constant-time: 1.0.1
    ecdsa-sig-formatter: 1.0.11
    safe-buffer: ^5.0.1
  checksum: e3a6234a3a33b0390c35cc7393890b1ca1bac22382755035ad252f6df9e1272dcf0ff0a717c7865657fc30e04b8d5ab07ea27e26f0763c60c557946963402752
  languageName: node
  linkType: hard

"jws@npm:^3.2.2":
  version: 3.2.2
  resolution: "jws@npm:3.2.2"
  dependencies:
    jwa: ^1.4.1
    safe-buffer: ^5.0.1
  checksum: 3990b26ebb6f368bf6c53bf580cd327f207052adedeb7900dde665e143fff9ea5d96d0b4282e85a631a6e3af76ada281a1ccc450b1916d579d07e9d36b564a19
  languageName: node
  linkType: hard

"lodash.includes@npm:^4.3.0":
  version: 4.3.0
  resolution: "lodash.includes@npm:4.3.0"
  checksum: 20d6b1bf7841a4eb21bcb124641a1d5fb368e3c86fb8834d80149ec92caef67f3bf316405e4ec309591f0a83e461cebb7b43b2b57d00fd45d1eb3009fe13be97
  languageName: node
  linkType: hard

"lodash.isboolean@npm:^3.0.3":
  version: 3.0.3
  resolution: "lodash.isboolean@npm:3.0.3"
  checksum: e5b7a921f47759773266e66664e4a54f2438cc213fe336c5b96321d4328ebb2785e939bbcd07b29d5a20cdc6140d471abae1e94cdfb25937dc91ddc5150f41a0
  languageName: node
  linkType: hard

"lodash.isinteger@npm:^4.0.4":
  version: 4.0.4
  resolution: "lodash.isinteger@npm:4.0.4"
  checksum: a29551cc9aaaf24cc4fdd7ce1734c7a19c748c704f061ef079f6026dc9666ac10e8ae08e4f0cd3aeb6094e20be043a7402c72ce70cbae9ea6ecce67ad997332c
  languageName: node
  linkType: hard

"lodash.isnumber@npm:^3.0.3":
  version: 3.0.3
  resolution: "lodash.isnumber@npm:3.0.3"
  checksum: a33b10bf57dd27b32aac0bb4159d3f40db6b294095f42d7ff9f966a004932cdcc12417bf0750a9d3ac0c62690dd020d7d227b05ef486a8c9061963acf2ea3fad
  languageName: node
  linkType: hard

"lodash.isplainobject@npm:^4.0.6":
  version: 4.0.6
  resolution: "lodash.isplainobject@npm:4.0.6"
  checksum: 72a114b610ec32a42b8cb47680d1729398caea0ee0631c0b220b97b21e7df19312377cb077acb6593bf6c5abdbdb43c530aa66b440e30d53324986d386808cd0
  languageName: node
  linkType: hard

"lodash.isstring@npm:^4.0.1":
  version: 4.0.1
  resolution: "lodash.isstring@npm:4.0.1"
  checksum: 20c46960b74fd63c27b534f1725cd4141ac19b35c7250affee37c8b7899b1a4c5e9820becfafe571a4d48cd4c86206ee03c2e93fe943dbeab82ddd5cab710540
  languageName: node
  linkType: hard

"lodash.once@npm:^4.0.0":
  version: 4.1.1
  resolution: "lodash.once@npm:4.1.1"
  checksum: 236e00ca5f20304fab5b38aa3aedb034959153dae6edf33d7f9b00406ced8f24ed232a74f1200505d9049165ceea2ce1256199e1683b0a25e9de89091d4b13c2
  languageName: node
  linkType: hard

"media-typer@npm:0.3.0":
  version: 0.3.0
  resolution: "media-typer@npm:0.3.0"
  checksum: be1c825782df7f38eebd451d778f6407bb15a59c8807a69e7f2ad74a25440e474536441c6bf583fdf2803ea23b866e91ff68f565cda297211dd89147758c8df3
  languageName: node
  linkType: hard

"merge-descriptors@npm:1.0.1":
  version: 1.0.1
  resolution: "merge-descriptors@npm:1.0.1"
  checksum: 2d2a09eaac840a7ceac7a13b44b7c8abf3ecccd93a609c3525d8290cb5d814336cc7c0b1dd485ae3bc471ed354eeefb153475ce2e1604ccdf79eebe74021c192
  languageName: node
  linkType: hard

"methods@npm:~1.1.2":
  version: 1.1.2
  resolution: "methods@npm:1.1.2"
  checksum: 450e4ea0fd4a0f3de8c0593d753c7d6c8f2ee49766f5ef35c68cc2ac41699d5e295b7d6330fc2b7271b8569a07857e3eb0b5df0599a353c5808265b4b5066168
  languageName: node
  linkType: hard

"mime-db@npm:1.45.0":
  version: 1.45.0
  resolution: "mime-db@npm:1.45.0"
  checksum: 86701c54f748c72a5c05c16f881cdfa01db44a61e52f4cef3d872b5f3e4a3c4186c28df7a5fec31debc9bee42d5afc9b86ff8ff3d3eaf1440f07140b94a33d4a
  languageName: node
  linkType: hard

"mime-types@npm:^2.1.12, mime-types@npm:~2.1.24":
  version: 2.1.28
  resolution: "mime-types@npm:2.1.28"
  dependencies:
    mime-db: 1.45.0
  checksum: 89d14a1af2be7f3c9682d1af98f422addce894b9c3ed1e67acb6e59e4c910c58a3586db686d894b47708d07c2ae76de4246b66dc4a7d698b0d1bd761c309bb92
  languageName: node
  linkType: hard

"mime@npm:1.6.0":
  version: 1.6.0
  resolution: "mime@npm:1.6.0"
  bin:
    mime: cli.js
  checksum: d540c24dd3e3a9e25e813714e55ff2f7841a3a1a47aed9786c508bd0251653d5e9abbfb1163c0c6e1be99f872d7fa1538c068bd6e306e9cb12dd9affa841a61e
  languageName: node
  linkType: hard

"ms@npm:2.0.0":
  version: 2.0.0
  resolution: "ms@npm:2.0.0"
  checksum: 1a230340cc7f322fbe916783d8c8d60455407c6b7fb7f901d6ee34eb272402302c5c7f070a97b8531245cbb4ca6a0a623f6a128d7e5a5440cefa2c669c0b35bb
  languageName: node
  linkType: hard

"ms@npm:2.1.1":
  version: 2.1.1
  resolution: "ms@npm:2.1.1"
  checksum: 81ad38c74df2473ce9fbed8bb71a00220c3d9e237ebd576306c9f6ca3221b251d602c7d199808944be1a3d7cda5883e72c77adb473734ba30f6e032165e05ebc
  languageName: node
  linkType: hard

"ms@npm:^2.1.1":
  version: 2.1.3
  resolution: "ms@npm:2.1.3"
  checksum: 6e721e648a544154d5de4c114b32f573d8027ca8ec505cf6c1105e505986d6ac46934a1256735aa0eece8eb2f5b2a1230503b2dddd3b100f9f016fd8a4f15f33
  languageName: node
  linkType: hard

"negotiator@npm:0.6.2":
  version: 0.6.2
  resolution: "negotiator@npm:0.6.2"
  checksum: 4b230bd15f0862d16c54ce0243fcfcf835ad59c8e58c467b4504dd28c9868cff71ff485b02cc575dc69dca819b58a1fadc9fb28403f45721f38a8fffde007d54
  languageName: node
  linkType: hard

"object-inspect@npm:^1.8.0":
  version: 1.9.0
  resolution: "object-inspect@npm:1.9.0"
  checksum: 63b412167d716e332b3233090a9e8cc7951479a6971629fb8a3d00135a2329136c697fbd2f56e48bb132928f01bd0f8c5fe2d7386222f217228ca697b8c3932a
  languageName: node
  linkType: hard

"object-keys@npm:^1.0.12, object-keys@npm:^1.1.1":
  version: 1.1.1
  resolution: "object-keys@npm:1.1.1"
  checksum: 30d72d768b7f3f42144cee517b80e70c40cf39bb76f100557ffac42779613c591780135c54d8133894a78d2c0ae817e24a5891484722c6019a5cd5b58c745c66
  languageName: node
  linkType: hard

"object.assign@npm:^4.1.1":
  version: 4.1.2
  resolution: "object.assign@npm:4.1.2"
  dependencies:
    call-bind: ^1.0.0
    define-properties: ^1.1.3
    has-symbols: ^1.0.1
    object-keys: ^1.1.1
  checksum: a5855cc6db3f64606c41ceb97cb9847e667d8240889d771d65638244be1d35c2e2ccb5762f437bb76abf4e98ab4634a9d302380398121cee288a44dce5028f54
  languageName: node
  linkType: hard

"on-finished@npm:~2.3.0":
  version: 2.3.0
  resolution: "on-finished@npm:2.3.0"
  dependencies:
    ee-first: 1.1.1
  checksum: 362e64608287d31ffd96a15fb9305a410b3e4d07c86f277fae907e38af46bc6f5ff948de90eabb81dc5632ca7f9a290085acc5410c378053dfa9860451d97ee5
  languageName: node
  linkType: hard

"p-cancelable@npm:^1.1.0":
  version: 1.1.0
  resolution: "p-cancelable@npm:1.1.0"
  checksum: 01fdd9ac319f0e69e22c18d5b9e5f4dca62a0827d72349c73b0c88b07c760849de49201dcbe4fbbcbe61b4bdce8f4f3596cfbbfed664cf411ff1ab9a80664574
  languageName: node
  linkType: hard

"p-finally@npm:^1.0.0":
  version: 1.0.0
  resolution: "p-finally@npm:1.0.0"
  checksum: 01f49b2d9c67573b3a1cb253cd9e1ecf5c912b6ba5de8824118bbc8d647bfa6296820b5a536e91ec68a54395d4e1c58de9a381ded3b688074fb446a8fe351931
  languageName: node
  linkType: hard

"p-queue@npm:^2.4.2":
  version: 2.4.2
  resolution: "p-queue@npm:2.4.2"
  checksum: 38ba081c3875e2eefd0faac861e92e646a06b8d3b0a5094daf74460f85ac88b0da186df8e70db4c7c099e4c34b53b3b31784d4fc3095e91d6a240903e15e2e40
  languageName: node
  linkType: hard

"p-queue@npm:^6.6.1":
  version: 6.6.2
  resolution: "p-queue@npm:6.6.2"
  dependencies:
    eventemitter3: ^4.0.4
    p-timeout: ^3.2.0
  checksum: e95a48f421589ac95dc8913bc949e4c73cfc40c294580f176d2e1af6fa525459ed340c9e8d72a9947ca25e5f79f1d5cfbc10f546f958a324704bfcc838340cee
  languageName: node
  linkType: hard

"p-retry@npm:^4.0.0":
  version: 4.2.0
  resolution: "p-retry@npm:4.2.0"
  dependencies:
    "@types/retry": ^0.12.0
    retry: ^0.12.0
  checksum: bf106e5424a598a26423d0efc43b67c48de42b8b007dc0f788b65832d3d907180bc607207f9ecbc35b3195b0f561bd0e09fc44fe8efe13558c572ff6f2ce12bf
  languageName: node
  linkType: hard

"p-timeout@npm:^3.2.0":
  version: 3.2.0
  resolution: "p-timeout@npm:3.2.0"
  dependencies:
    p-finally: ^1.0.0
  checksum: d7e71c1547736ecd392be3c4ea956af1abd2b6f56179f37443672cfaccb41383533cdf2e927890bb5282e1eb41c979be133eef26a6a84a8224ff4f5c9455b517
  languageName: node
  linkType: hard

"parseurl@npm:~1.3.3":
  version: 1.3.3
  resolution: "parseurl@npm:1.3.3"
  checksum: 52c9e86cb58e38b28f1a50a6354d16648974ab7a2b91b209f97102840471de8adf524427774af6d5bc482fb7c0a6af6ba08ab37de9a1a7ae389ebe074015914b
  languageName: node
  linkType: hard

"path-to-regexp@npm:0.1.7":
  version: 0.1.7
  resolution: "path-to-regexp@npm:0.1.7"
  checksum: 342fdb0ca48415d6eccdbe6d4180fd0fa4786ccc96ab3f74fcdf7acfc99e075af25e6077c8086c341dcfb4f5f84401ecd21e6cd7b24e0c3b556fb7ffb2570da7
  languageName: node
  linkType: hard

"please-upgrade-node@npm:^3.2.0":
  version: 3.2.0
  resolution: "please-upgrade-node@npm:3.2.0"
  dependencies:
    semver-compare: ^1.0.0
  checksum: 34cf86f6d577877df5e9ced0bda57babd97bd2dc7e5965a67f990337f01ccd5203a98dc5aa7971e10088b2b1b29628d51d9770996151c7d306ed0069b4ecd745
  languageName: node
  linkType: hard

"prisma@npm:2.16.0":
  version: 2.16.0
  resolution: "prisma@npm:2.16.0"
  dependencies:
    "@prisma/engines": 2.16.0-44.854c8ba7f0dce66f115af36af24e66989a8c02a1
  bin:
    prisma: build/index.js
    prisma2: build/index.js
  checksum: 96a574826b17cd0565fe3a5b32ec6cb87f986ef99435468688c48997fed9a379161e0175d392c292f2d108ca8105470184aa9f106f624c0dcfdbfa8434cc67b2
  languageName: node
  linkType: hard

"promise.allsettled@npm:^1.0.2":
  version: 1.0.2
  resolution: "promise.allsettled@npm:1.0.2"
  dependencies:
    array.prototype.map: ^1.0.1
    define-properties: ^1.1.3
    es-abstract: ^1.17.0-next.1
    function-bind: ^1.1.1
    iterate-value: ^1.0.0
  checksum: ba72ea0fe5b3b7cf7fa8b57df63f8142e1dc2b8150f46a26fd9b7edcd411008a3ad7f2bb3064e3bf173f41121da10cd7bffcafd831b1c0dd8de649e6504401af
  languageName: node
  linkType: hard

"proxy-addr@npm:~2.0.5":
  version: 2.0.6
  resolution: "proxy-addr@npm:2.0.6"
  dependencies:
    forwarded: ~0.1.2
    ipaddr.js: 1.9.1
  checksum: a7dcfd70258cdc3b73c5dc4a35c73db9857f3bf4cf5e6404380e8ea558f8c5569147e721a01195d00b450e36b4dde727fc9d22fdea14310ba38faa595530cd58
  languageName: node
  linkType: hard

"qs@npm:6.7.0":
  version: 6.7.0
  resolution: "qs@npm:6.7.0"
  checksum: 8590470436ff0a75ae35e6b45fd7260e2beb537ff8ec1104f9703a349b09ce1aa27e8e1c06b9ad25ac62fc098e12cc65df93042a233128a0276ccd6de4c7819a
  languageName: node
  linkType: hard

"range-parser@npm:~1.2.1":
  version: 1.2.1
  resolution: "range-parser@npm:1.2.1"
  checksum: 05074f5b23dbdc24acdae9821dd684fbc9c0d770cdaa4469ab529d8e0fc1338aa33561a4c7c14a1f9bdcb3b5e9a3770e5a80318258a72289a7ef05fcda72a707
  languageName: node
  linkType: hard

"raw-body@npm:2.4.0":
  version: 2.4.0
  resolution: "raw-body@npm:2.4.0"
  dependencies:
    bytes: 3.1.0
    http-errors: 1.7.2
    iconv-lite: 0.4.24
    unpipe: 1.0.0
  checksum: 46dc02f8b4f358786d41e18fb55533fbe4702d390e22bbe2b9c98c88dec41cab23ea2315f3ae0bf4bc0213a2872c89943d3df6857f4e21f996ea9d2d92f1bcaa
  languageName: node
  linkType: hard

"raw-body@npm:^2.3.3":
  version: 2.4.1
  resolution: "raw-body@npm:2.4.1"
  dependencies:
    bytes: 3.1.0
    http-errors: 1.7.3
    iconv-lite: 0.4.24
    unpipe: 1.0.0
  checksum: dc56e010d276f2fc3a17c2dd071f857917cd3734f64051488c845a9878a1eb47e03a9644861f135568d8ab4c2062072700b73060956b36f3a987025bc809402f
  languageName: node
  linkType: hard

"retry@npm:^0.12.0":
  version: 0.12.0
  resolution: "retry@npm:0.12.0"
  checksum: 51f2fddddb2f157a0738c53c515682813a881df566da36992f3cf0a975ea84a19434c5abbc682056e97351540bcc7ea38fce2622d0b191c3b5cc1020b71ea0f2
  languageName: node
  linkType: hard

"safe-buffer@npm:5.1.2":
  version: 5.1.2
  resolution: "safe-buffer@npm:5.1.2"
  checksum: 2708587c1b5e70a5e420714ceb59f30f5791c6e831d39812125a008eca63a4ac18578abd020a0776ea497ff03b4543f2b2a223a7b9073bf2d6c7af9ec6829218
  languageName: node
  linkType: hard

"safe-buffer@npm:^5.0.1":
  version: 5.2.1
  resolution: "safe-buffer@npm:5.2.1"
  checksum: 0bb57f0d8f9d1fa4fe35ad8a2db1f83a027d48f2822d59ede88fd5cd4ddad83c0b497213feb7a70fbf90597a70c5217f735b0eb1850df40ce9b4ae81dd22b3f9
  languageName: node
  linkType: hard

"safer-buffer@npm:>= 2.1.2 < 3":
  version: 2.1.2
  resolution: "safer-buffer@npm:2.1.2"
  checksum: 549ba83f5b314b59898efe3422120ce1ca7987a6eae5925a5fa5db930dc414d4a9dde0a5594f89638cd6ea60b6840ea961872908933ac2428d1726489db46fa5
  languageName: node
  linkType: hard

"semver-compare@npm:^1.0.0":
  version: 1.0.0
  resolution: "semver-compare@npm:1.0.0"
  checksum: 9f3a74ca5f829c6b643668281228e2af310d9cb918a9d722e0c9426c4244c32346d29e955bbe796c46341f644fc741d888ca02e573f7aa230542809b03b0d8ec
  languageName: node
  linkType: hard

"semver@npm:^5.6.0":
  version: 5.7.1
  resolution: "semver@npm:5.7.1"
  bin:
    semver: ./bin/semver
  checksum: 06ff0ed753ebf741b7602be8faad620d6e160a2cb3f61019d00d919c8bca141638aa23c34da779b8595afdc9faa3678bfbb5f60366b6a4f65f98cf86605bbcdb
  languageName: node
  linkType: hard

"send@npm:0.17.1":
  version: 0.17.1
  resolution: "send@npm:0.17.1"
  dependencies:
    debug: 2.6.9
    depd: ~1.1.2
    destroy: ~1.0.4
    encodeurl: ~1.0.2
    escape-html: ~1.0.3
    etag: ~1.8.1
    fresh: 0.5.2
    http-errors: ~1.7.2
    mime: 1.6.0
    ms: 2.1.1
    on-finished: ~2.3.0
    range-parser: ~1.2.1
    statuses: ~1.5.0
  checksum: 58e4ab2e07e8dfb206ca954a9b85f4e367aba0e4d59ce4c9c96a82034385b67f25d33ad526fdb69d635744bbe4d8afea06e2c0348d7d32920e3489d86dc3ec6f
  languageName: node
  linkType: hard

"serve-static@npm:1.14.1":
  version: 1.14.1
  resolution: "serve-static@npm:1.14.1"
  dependencies:
    encodeurl: ~1.0.2
    escape-html: ~1.0.3
    parseurl: ~1.3.3
    send: 0.17.1
  checksum: 97e8c94ec02950d019000ca12a8e0b4fdeaaabb7ae965c1c05557b55b48114716ae92688972a8d9f06a5e2d5957c305253a859ec223bb39a1e0732366d0e2768
  languageName: node
  linkType: hard

"setprototypeof@npm:1.1.1":
  version: 1.1.1
  resolution: "setprototypeof@npm:1.1.1"
  checksum: 0efed4da5aec7535828ac07c3b560f0a54257a4a7d5390ffabe5530a083974aef577651507974215edb92a51efa142f22fb3242e24d630ba6adcbfc9e7f1ff2b
  languageName: node
  linkType: hard

"statuses@npm:>= 1.5.0 < 2, statuses@npm:~1.5.0":
  version: 1.5.0
  resolution: "statuses@npm:1.5.0"
  checksum: 57735269bf231176a60deb80f6d60214cb4a87663b0937e79497afe9aebe2597f8377fd28893f4d1776205f18dd0b927774a26b72051411ac5108e9e2dfc77d2
  languageName: node
  linkType: hard

"string.prototype.trimend@npm:^1.0.1":
  version: 1.0.3
  resolution: "string.prototype.trimend@npm:1.0.3"
  dependencies:
    call-bind: ^1.0.0
    define-properties: ^1.1.3
  checksum: 0dd169f2e168a01cc51936da7a62ebd2b846c4fa236547f039101f4e1767d52d26af4ae18ab33513f4749e8ac15861aae5fdaf767a4cae1271f23092720326ab
  languageName: node
  linkType: hard

"string.prototype.trimstart@npm:^1.0.1":
  version: 1.0.3
  resolution: "string.prototype.trimstart@npm:1.0.3"
  dependencies:
    call-bind: ^1.0.0
    define-properties: ^1.1.3
  checksum: 09468693c9e5051d9167c680205e83184257b696a8311ed6128d2c49025c6c6977d5ef6c1bd1e29fad03cfbf41e149caa534f6dcae34d17da13edab4f960343a
  languageName: node
  linkType: hard

"toidentifier@npm:1.0.0":
  version: 1.0.0
  resolution: "toidentifier@npm:1.0.0"
  checksum: 95720e8a0f98f1525f50ccbecbc2a23f0a1b4e448de03819dbbeda03adf0d2010fe64525fbc9d549765242550d341bb891672e4ac0b2cac58613cdd742324255
  languageName: node
  linkType: hard

"tsscmp@npm:^1.0.6":
  version: 1.0.6
  resolution: "tsscmp@npm:1.0.6"
  checksum: 1a5b76eb37c1a331f7e0b99f6414fdb1d58dffbc95301931a00e8728bc9fcb15b676d8e5eb2aecf884f424e8c9a218af388492cffe106539ffc0f8d09d8ab7c1
  languageName: node
  linkType: hard

"type-is@npm:~1.6.17, type-is@npm:~1.6.18":
  version: 1.6.18
  resolution: "type-is@npm:1.6.18"
  dependencies:
    media-typer: 0.3.0
    mime-types: ~2.1.24
  checksum: 20a3514f1d835c979237995129d1f8c564325301e3a8f1c732bcbe1d7fa0ca1f65994e41a79e9030d79f31e5459bb9be5c377848fcb477cb3049a661b3713d74
  languageName: node
  linkType: hard

"unpipe@npm:1.0.0, unpipe@npm:~1.0.0":
  version: 1.0.0
  resolution: "unpipe@npm:1.0.0"
  checksum: ba244e8bf640475b2143af95be5d71353cd4d238d63abf5dfe700c67841f066eb0819fc60dee7f2348ef647a5644a06ba024b9a0ab6d399fc07a05eb72a30ac7
  languageName: node
  linkType: hard

"utils-merge@npm:1.0.1":
  version: 1.0.1
  resolution: "utils-merge@npm:1.0.1"
  checksum: a457956ebc09efbda05da8bf213ab89140bb9dffa3c42b3315dd8fc3c45d67a1b802741f58b7bba4872113201fc275fc86470289d8bd32b74297b5e5b5980705
  languageName: node
  linkType: hard

"vary@npm:~1.1.2":
  version: 1.1.2
  resolution: "vary@npm:1.1.2"
  checksum: 591f059f727ac1ba0d97cb7767f8583a03fcbb07db7be2b7dce838ede520ec0e958a41cb19077054769077fdc49a9b9a2dc391c83426bfee89c054b8cc7404bf
  languageName: node
  linkType: hard

"ws@npm:^7.3.1":
  version: 7.4.2
  resolution: "ws@npm:7.4.2"
  peerDependencies:
    bufferutil: ^4.0.1
    utf-8-validate: ^5.0.2
  peerDependenciesMeta:
    bufferutil:
      optional: true
    utf-8-validate:
      optional: true
  checksum: 832efdf1440706058ac04708aa56da951b6e5d10d956e6d01f7a2a32cd3f67acaabea8feb4b578b041a55289e421fc4c48769cbcf02f4d42915eb918c3f7e496
  languageName: node
  linkType: hard
